// !$*UTF8*$!
{
	archiveVersion = 1;
	classes = {
	};
	objectVersion = 51;
	objects = {

/* Begin PBXBuildFile section */
		5A04295324B4181F008D7DC4 /* MainViewController.swift in Sources */ = {isa = PBXBuildFile; fileRef = 5A04295224B4181F008D7DC4 /* MainViewController.swift */; };
		5A04295524B43F62008D7DC4 /* FriendListViewController.swift in Sources */ = {isa = PBXBuildFile; fileRef = 5A04295424B43F62008D7DC4 /* FriendListViewController.swift */; };
		5A4F0F2721F7FB05002915ED /* CommonUtil.swift in Sources */ = {isa = PBXBuildFile; fileRef = 5A4F0F2621F7FB05002915ED /* CommonUtil.swift */; };
		5A9C05AF21E82C5300BB51EF /* CGYJSON.swift in Sources */ = {isa = PBXBuildFile; fileRef = 5A9C05AE21E82C5300BB51EF /* CGYJSON.swift */; };
		5A9C05B321E8853C00BB51EF /* ChatUserManager.swift in Sources */ = {isa = PBXBuildFile; fileRef = 5A9C05B221E8853C00BB51EF /* ChatUserManager.swift */; };
		5A9C05B521E8963600BB51EF /* MessageManager.swift in Sources */ = {isa = PBXBuildFile; fileRef = 5A9C05B421E8963600BB51EF /* MessageManager.swift */; };
		5A9D7C8922164FEB0014366A /* MBProgressHUD.m in Sources */ = {isa = PBXBuildFile; fileRef = 5A9D7C8722164FEB0014366A /* MBProgressHUD.m */; };
		5A9D7C8C221650620014366A /* BaseUIViewController.swift in Sources */ = {isa = PBXBuildFile; fileRef = 5A9D7C8B221650620014366A /* BaseUIViewController.swift */; };
		5AB5171424B31E0D00E365A2 /* Model.swift in Sources */ = {isa = PBXBuildFile; fileRef = 5AB5171324B31E0D00E365A2 /* Model.swift */; };
		5AB5171624B40EB500E365A2 /* JsonUtil.swift in Sources */ = {isa = PBXBuildFile; fileRef = 5AB5171524B40EB500E365A2 /* JsonUtil.swift */; };
		5AB7A1F821E7469A009A03BF /* ChatClient.swift in Sources */ = {isa = PBXBuildFile; fileRef = 5AB7A1F721E7469A009A03BF /* ChatClient.swift */; };
		5AB7A1FC21E7491A009A03BF /* ChatMessage.swift in Sources */ = {isa = PBXBuildFile; fileRef = 5AB7A1FB21E7491A009A03BF /* ChatMessage.swift */; };
		5AB7A1FE21E74BE7009A03BF /* ChatViewController.swift in Sources */ = {isa = PBXBuildFile; fileRef = 5AB7A1FD21E74BE7009A03BF /* ChatViewController.swift */; };
		5AC87EE621E5C3FE004FD829 /* AppDelegate.swift in Sources */ = {isa = PBXBuildFile; fileRef = 5AC87EE521E5C3FE004FD829 /* AppDelegate.swift */; };
		5AC87EE821E5C3FE004FD829 /* RecentChatViewController.swift in Sources */ = {isa = PBXBuildFile; fileRef = 5AC87EE721E5C3FE004FD829 /* RecentChatViewController.swift */; };
		5AC87EEB21E5C3FE004FD829 /* Main.storyboard in Resources */ = {isa = PBXBuildFile; fileRef = 5AC87EE921E5C3FE004FD829 /* Main.storyboard */; };
		5AC87EED21E5C3FF004FD829 /* Assets.xcassets in Resources */ = {isa = PBXBuildFile; fileRef = 5AC87EEC21E5C3FF004FD829 /* Assets.xcassets */; };
		5AC87EF021E5C3FF004FD829 /* LaunchScreen.storyboard in Resources */ = {isa = PBXBuildFile; fileRef = 5AC87EEE21E5C3FF004FD829 /* LaunchScreen.storyboard */; };
		5AC87F1821E5CA97004FD829 /* GCDAsyncSocket.m in Sources */ = {isa = PBXBuildFile; fileRef = 5AC87F1721E5CA97004FD829 /* GCDAsyncSocket.m */; };
		5AEB655E22155A620048E421 /* LoginViewController.swift in Sources */ = {isa = PBXBuildFile; fileRef = 5AEB655D22155A620048E421 /* LoginViewController.swift */; };
		5AEB6AA8221562DA0048E421 /* HttpUtil.swift in Sources */ = {isa = PBXBuildFile; fileRef = 5AEB6AA7221562DA0048E421 /* HttpUtil.swift */; };
		5AEB6AB22215694C0048E421 /* ApiConfig.swift in Sources */ = {isa = PBXBuildFile; fileRef = 5AEB6AB12215694C0048E421 /* ApiConfig.swift */; };
		5AEB6AB422156AC30048E421 /* CacheUtil.swift in Sources */ = {isa = PBXBuildFile; fileRef = 5AEB6AB322156AC30048E421 /* CacheUtil.swift */; };
		5AEB6AB62215724F0048E421 /* User.swift in Sources */ = {isa = PBXBuildFile; fileRef = 5AEB6AB52215724F0048E421 /* User.swift */; };
		CEF46140E62EA9523DD6B199 /* Pods_ChatDemo.framework in Frameworks */ = {isa = PBXBuildFile; fileRef = 9EF154B6EE1043BCE2DA9F08 /* Pods_ChatDemo.framework */; };
/* End PBXBuildFile section */

/* Begin PBXFileReference section */
		10509C0BC84A9ACD559E5676 /* Pods-ChatDemo.release.xcconfig */ = {isa = PBXFileReference; includeInIndex = 1; lastKnownFileType = text.xcconfig; name = "Pods-ChatDemo.release.xcconfig"; path = "Target Support Files/Pods-ChatDemo/Pods-ChatDemo.release.xcconfig"; sourceTree = "<group>"; };
		1C51A5BAF6D7DD99D73971CA /* Pods_ChatDemo_ChatDemoUITests.framework */ = {isa = PBXFileReference; explicitFileType = wrapper.framework; includeInIndex = 0; path = Pods_ChatDemo_ChatDemoUITests.framework; sourceTree = BUILT_PRODUCTS_DIR; };
		5A04295224B4181F008D7DC4 /* MainViewController.swift */ = {isa = PBXFileReference; lastKnownFileType = sourcecode.swift; path = MainViewController.swift; sourceTree = "<group>"; };
		5A04295424B43F62008D7DC4 /* FriendListViewController.swift */ = {isa = PBXFileReference; lastKnownFileType = sourcecode.swift; path = FriendListViewController.swift; sourceTree = "<group>"; };
		5A4F0F2621F7FB05002915ED /* CommonUtil.swift */ = {isa = PBXFileReference; lastKnownFileType = sourcecode.swift; path = CommonUtil.swift; sourceTree = "<group>"; };
		5A74167724AB203A0027F461 /* Alamofire.framework */ = {isa = PBXFileReference; explicitFileType = wrapper.framework; path = Alamofire.framework; sourceTree = BUILT_PRODUCTS_DIR; };
		5A7416B624AB247D0027F461 /* ChatDemo.app */ = {isa = PBXFileReference; explicitFileType = wrapper.application; includeInIndex = 0; path = ChatDemo.app; sourceTree = BUILT_PRODUCTS_DIR; };
		5A9C05AE21E82C5300BB51EF /* CGYJSON.swift */ = {isa = PBXFileReference; lastKnownFileType = sourcecode.swift; path = CGYJSON.swift; sourceTree = "<group>"; };
		5A9C05B221E8853C00BB51EF /* ChatUserManager.swift */ = {isa = PBXFileReference; lastKnownFileType = sourcecode.swift; path = ChatUserManager.swift; sourceTree = "<group>"; };
		5A9C05B421E8963600BB51EF /* MessageManager.swift */ = {isa = PBXFileReference; lastKnownFileType = sourcecode.swift; path = MessageManager.swift; sourceTree = "<group>"; };
		5A9D7C8722164FEB0014366A /* MBProgressHUD.m */ = {isa = PBXFileReference; fileEncoding = 4; lastKnownFileType = sourcecode.c.objc; path = MBProgressHUD.m; sourceTree = "<group>"; };
		5A9D7C8822164FEB0014366A /* MBProgressHUD.h */ = {isa = PBXFileReference; fileEncoding = 4; lastKnownFileType = sourcecode.c.h; path = MBProgressHUD.h; sourceTree = "<group>"; };
		5A9D7C8B221650620014366A /* BaseUIViewController.swift */ = {isa = PBXFileReference; lastKnownFileType = sourcecode.swift; path = BaseUIViewController.swift; sourceTree = "<group>"; };
		5AB5171324B31E0D00E365A2 /* Model.swift */ = {isa = PBXFileReference; lastKnownFileType = sourcecode.swift; path = Model.swift; sourceTree = "<group>"; };
		5AB5171524B40EB500E365A2 /* JsonUtil.swift */ = {isa = PBXFileReference; lastKnownFileType = sourcecode.swift; path = JsonUtil.swift; sourceTree = "<group>"; };
		5AB7A1F721E7469A009A03BF /* ChatClient.swift */ = {isa = PBXFileReference; lastKnownFileType = sourcecode.swift; path = ChatClient.swift; sourceTree = "<group>"; };
		5AB7A1FB21E7491A009A03BF /* ChatMessage.swift */ = {isa = PBXFileReference; lastKnownFileType = sourcecode.swift; path = ChatMessage.swift; sourceTree = "<group>"; };
		5AB7A1FD21E74BE7009A03BF /* ChatViewController.swift */ = {isa = PBXFileReference; lastKnownFileType = sourcecode.swift; path = ChatViewController.swift; sourceTree = "<group>"; };
		5AC87EE521E5C3FE004FD829 /* AppDelegate.swift */ = {isa = PBXFileReference; lastKnownFileType = sourcecode.swift; path = AppDelegate.swift; sourceTree = "<group>"; };
		5AC87EE721E5C3FE004FD829 /* RecentChatViewController.swift */ = {isa = PBXFileReference; lastKnownFileType = sourcecode.swift; path = RecentChatViewController.swift; sourceTree = "<group>"; };
		5AC87EEA21E5C3FE004FD829 /* Base */ = {isa = PBXFileReference; lastKnownFileType = file.storyboard; name = Base; path = Base.lproj/Main.storyboard; sourceTree = "<group>"; };
		5AC87EEC21E5C3FF004FD829 /* Assets.xcassets */ = {isa = PBXFileReference; lastKnownFileType = folder.assetcatalog; path = Assets.xcassets; sourceTree = "<group>"; };
		5AC87EEF21E5C3FF004FD829 /* Base */ = {isa = PBXFileReference; lastKnownFileType = file.storyboard; name = Base; path = Base.lproj/LaunchScreen.storyboard; sourceTree = "<group>"; };
		5AC87EF121E5C3FF004FD829 /* Info.plist */ = {isa = PBXFileReference; lastKnownFileType = text.plist.xml; path = Info.plist; sourceTree = "<group>"; };
		5AC87F1521E5CA97004FD829 /* ChatDemo-Bridging-Header.h */ = {isa = PBXFileReference; lastKnownFileType = sourcecode.c.h; path = "ChatDemo-Bridging-Header.h"; sourceTree = "<group>"; };
		5AC87F1621E5CA97004FD829 /* GCDAsyncSocket.h */ = {isa = PBXFileReference; fileEncoding = 4; lastKnownFileType = sourcecode.c.h; path = GCDAsyncSocket.h; sourceTree = "<group>"; };
		5AC87F1721E5CA97004FD829 /* GCDAsyncSocket.m */ = {isa = PBXFileReference; fileEncoding = 4; lastKnownFileType = sourcecode.c.objc; path = GCDAsyncSocket.m; sourceTree = "<group>"; };
		5AEB655D22155A620048E421 /* LoginViewController.swift */ = {isa = PBXFileReference; lastKnownFileType = sourcecode.swift; path = LoginViewController.swift; sourceTree = "<group>"; };
		5AEB6AA7221562DA0048E421 /* HttpUtil.swift */ = {isa = PBXFileReference; lastKnownFileType = sourcecode.swift; path = HttpUtil.swift; sourceTree = "<group>"; };
		5AEB6AB12215694C0048E421 /* ApiConfig.swift */ = {isa = PBXFileReference; lastKnownFileType = sourcecode.swift; path = ApiConfig.swift; sourceTree = "<group>"; };
		5AEB6AB322156AC30048E421 /* CacheUtil.swift */ = {isa = PBXFileReference; lastKnownFileType = sourcecode.swift; path = CacheUtil.swift; sourceTree = "<group>"; };
		5AEB6AB52215724F0048E421 /* User.swift */ = {isa = PBXFileReference; lastKnownFileType = sourcecode.swift; path = User.swift; sourceTree = "<group>"; };
		9EF154B6EE1043BCE2DA9F08 /* Pods_ChatDemo.framework */ = {isa = PBXFileReference; explicitFileType = wrapper.framework; includeInIndex = 0; path = Pods_ChatDemo.framework; sourceTree = BUILT_PRODUCTS_DIR; };
		ADB54C6231799E452CB1A5C6 /* Pods-ChatDemo.debug.xcconfig */ = {isa = PBXFileReference; includeInIndex = 1; lastKnownFileType = text.xcconfig; name = "Pods-ChatDemo.debug.xcconfig"; path = "Target Support Files/Pods-ChatDemo/Pods-ChatDemo.debug.xcconfig"; sourceTree = "<group>"; };
		F02415E8DE9FE6CEC3D79E45 /* Pods_ChatDemoTests.framework */ = {isa = PBXFileReference; explicitFileType = wrapper.framework; includeInIndex = 0; path = Pods_ChatDemoTests.framework; sourceTree = BUILT_PRODUCTS_DIR; };
/* End PBXFileReference section */

/* Begin PBXFrameworksBuildPhase section */
		5AC87EDF21E5C3FE004FD829 /* Frameworks */ = {
			isa = PBXFrameworksBuildPhase;
			buildActionMask = 2147483647;
			files = (
				CEF46140E62EA9523DD6B199 /* Pods_ChatDemo.framework in Frameworks */,
			);
			runOnlyForDeploymentPostprocessing = 0;
		};
/* End PBXFrameworksBuildPhase section */

/* Begin PBXGroup section */
		2F8B88C36140F0A6B594B86E /* Frameworks */ = {
			isa = PBXGroup;
			children = (
				5A74167724AB203A0027F461 /* Alamofire.framework */,
				9EF154B6EE1043BCE2DA9F08 /* Pods_ChatDemo.framework */,
				1C51A5BAF6D7DD99D73971CA /* Pods_ChatDemo_ChatDemoUITests.framework */,
				F02415E8DE9FE6CEC3D79E45 /* Pods_ChatDemoTests.framework */,
			);
			name = Frameworks;
			sourceTree = "<group>";
		};
		5A9C05B021E85FDE00BB51EF /* util */ = {
			isa = PBXGroup;
			children = (
				5A9C05AE21E82C5300BB51EF /* CGYJSON.swift */,
				5A4F0F2621F7FB05002915ED /* CommonUtil.swift */,
				5AEB6AB322156AC30048E421 /* CacheUtil.swift */,
				5AB5171524B40EB500E365A2 /* JsonUtil.swift */,
			);
			path = util;
			sourceTree = "<group>";
		};
		5A9D7C8622164FEB0014366A /* MBProgressHUD */ = {
			isa = PBXGroup;
			children = (
				5A9D7C8722164FEB0014366A /* MBProgressHUD.m */,
				5A9D7C8822164FEB0014366A /* MBProgressHUD.h */,
			);
			path = MBProgressHUD;
			sourceTree = "<group>";
		};
		5AB7A1F921E746A4009A03BF /* chat */ = {
			isa = PBXGroup;
			children = (
				5AB7A1F721E7469A009A03BF /* ChatClient.swift */,
				5AB7A1FB21E7491A009A03BF /* ChatMessage.swift */,
				5A9C05B221E8853C00BB51EF /* ChatUserManager.swift */,
				5A9C05B421E8963600BB51EF /* MessageManager.swift */,
			);
			path = chat;
			sourceTree = "<group>";
		};
		5AC87ED921E5C3FE004FD829 = {
			isa = PBXGroup;
			children = (
				5AC87F1521E5CA97004FD829 /* ChatDemo-Bridging-Header.h */,
				5A9D7C8622164FEB0014366A /* MBProgressHUD */,
				5AC87F1A21E5CB1F004FD829 /* GCDAsyncSocket */,
				5AC87EE421E5C3FE004FD829 /* ChatDemo */,
				2F8B88C36140F0A6B594B86E /* Frameworks */,
				CCFE01BBF5BA0EFC92426418 /* Pods */,
				5A7416B624AB247D0027F461 /* ChatDemo.app */,
			);
			sourceTree = "<group>";
		};
		5AC87EE421E5C3FE004FD829 /* ChatDemo */ = {
			isa = PBXGroup;
			children = (
				5AEB6AA6221562B70048E421 /* model */,
				5A9C05B021E85FDE00BB51EF /* util */,
				5AB7A1F921E746A4009A03BF /* chat */,
				5AEB6AB12215694C0048E421 /* ApiConfig.swift */,
				5AC87EE521E5C3FE004FD829 /* AppDelegate.swift */,
				5A9D7C8B221650620014366A /* BaseUIViewController.swift */,
				5AEB655D22155A620048E421 /* LoginViewController.swift */,
				5A04295224B4181F008D7DC4 /* MainViewController.swift */,
				5AC87EE721E5C3FE004FD829 /* RecentChatViewController.swift */,
				5A04295424B43F62008D7DC4 /* FriendListViewController.swift */,
				5AB7A1FD21E74BE7009A03BF /* ChatViewController.swift */,
				5AC87EEC21E5C3FF004FD829 /* Assets.xcassets */,
				5AC87EE921E5C3FE004FD829 /* Main.storyboard */,
				5AC87EEE21E5C3FF004FD829 /* LaunchScreen.storyboard */,
				5AC87EF121E5C3FF004FD829 /* Info.plist */,
			);
			path = ChatDemo;
			sourceTree = "<group>";
		};
		5AC87F1A21E5CB1F004FD829 /* GCDAsyncSocket */ = {
			isa = PBXGroup;
			children = (
				5AC87F1621E5CA97004FD829 /* GCDAsyncSocket.h */,
				5AC87F1721E5CA97004FD829 /* GCDAsyncSocket.m */,
			);
			path = GCDAsyncSocket;
			sourceTree = "<group>";
		};
		5AEB6AA6221562B70048E421 /* model */ = {
			isa = PBXGroup;
			children = (
				5AEB6AA7221562DA0048E421 /* HttpUtil.swift */,
				5AEB6AB52215724F0048E421 /* User.swift */,
				5AB5171324B31E0D00E365A2 /* Model.swift */,
			);
			path = model;
			sourceTree = "<group>";
		};
		CCFE01BBF5BA0EFC92426418 /* Pods */ = {
			isa = PBXGroup;
			children = (
				ADB54C6231799E452CB1A5C6 /* Pods-ChatDemo.debug.xcconfig */,
				10509C0BC84A9ACD559E5676 /* Pods-ChatDemo.release.xcconfig */,
			);
			path = Pods;
			sourceTree = "<group>";
		};
/* End PBXGroup section */

/* Begin PBXNativeTarget section */
		5AC87EE121E5C3FE004FD829 /* ChatDemo */ = {
			isa = PBXNativeTarget;
			buildConfigurationList = 5AC87F0A21E5C3FF004FD829 /* Build configuration list for PBXNativeTarget "ChatDemo" */;
			buildPhases = (
				A82C389DF9E3849621313CA6 /* [CP] Check Pods Manifest.lock */,
				5AC87EDE21E5C3FE004FD829 /* Sources */,
				5AC87EDF21E5C3FE004FD829 /* Frameworks */,
				5AC87EE021E5C3FE004FD829 /* Resources */,
				8DDACC15B91236D601837F26 /* [CP] Embed Pods Frameworks */,
			);
			buildRules = (
			);
			dependencies = (
			);
			name = ChatDemo;
			productName = ChatDemo;
			productReference = 5A7416B624AB247D0027F461 /* ChatDemo.app */;
			productType = "com.apple.product-type.application";
		};
/* End PBXNativeTarget section */

/* Begin PBXProject section */
		5AC87EDA21E5C3FE004FD829 /* Project object */ = {
			isa = PBXProject;
			attributes = {
				LastSwiftUpdateCheck = 1010;
				LastUpgradeCheck = 1010;
				ORGANIZATIONNAME = pwc;
				TargetAttributes = {
					5AC87EE121E5C3FE004FD829 = {
						CreatedOnToolsVersion = 10.1;
						LastSwiftMigration = 1010;
					};
				};
			};
			buildConfigurationList = 5AC87EDD21E5C3FE004FD829 /* Build configuration list for PBXProject "ChatDemo" */;
			compatibilityVersion = "Xcode 9.3";
			developmentRegion = en;
			hasScannedForEncodings = 0;
			knownRegions = (
				en,
				Base,
			);
			mainGroup = 5AC87ED921E5C3FE004FD829;
			productRefGroup = 5AC87ED921E5C3FE004FD829;
			projectDirPath = "";
			projectRoot = "";
			targets = (
				5AC87EE121E5C3FE004FD829 /* ChatDemo */,
			);
		};
/* End PBXProject section */

/* Begin PBXResourcesBuildPhase section */
		5AC87EE021E5C3FE004FD829 /* Resources */ = {
			isa = PBXResourcesBuildPhase;
			buildActionMask = 2147483647;
			files = (
				5AC87EF021E5C3FF004FD829 /* LaunchScreen.storyboard in Resources */,
				5AC87EED21E5C3FF004FD829 /* Assets.xcassets in Resources */,
				5AC87EEB21E5C3FE004FD829 /* Main.storyboard in Resources */,
			);
			runOnlyForDeploymentPostprocessing = 0;
		};
/* End PBXResourcesBuildPhase section */

/* Begin PBXShellScriptBuildPhase section */
		8DDACC15B91236D601837F26 /* [CP] Embed Pods Frameworks */ = {
			isa = PBXShellScriptBuildPhase;
			buildActionMask = 2147483647;
			files = (
			);
			inputFileListPaths = (
				"${PODS_ROOT}/Target Support Files/Pods-ChatDemo/Pods-ChatDemo-frameworks-${CONFIGURATION}-input-files.xcfilelist",
			);
			name = "[CP] Embed Pods Frameworks";
			outputFileListPaths = (
				"${PODS_ROOT}/Target Support Files/Pods-ChatDemo/Pods-ChatDemo-frameworks-${CONFIGURATION}-output-files.xcfilelist",
			);
			runOnlyForDeploymentPostprocessing = 0;
			shellPath = /bin/sh;
			shellScript = "\"${PODS_ROOT}/Target Support Files/Pods-ChatDemo/Pods-ChatDemo-frameworks.sh\"\n";
			showEnvVarsInLog = 0;
		};
		A82C389DF9E3849621313CA6 /* [CP] Check Pods Manifest.lock */ = {
			isa = PBXShellScriptBuildPhase;
			buildActionMask = 2147483647;
			files = (
			);
			inputFileListPaths = (
			);
			inputPaths = (
				"${PODS_PODFILE_DIR_PATH}/Podfile.lock",
				"${PODS_ROOT}/Manifest.lock",
			);
			name = "[CP] Check Pods Manifest.lock";
			outputFileListPaths = (
			);
			outputPaths = (
				"$(DERIVED_FILE_DIR)/Pods-ChatDemo-checkManifestLockResult.txt",
			);
			runOnlyForDeploymentPostprocessing = 0;
			shellPath = /bin/sh;
			shellScript = "diff \"${PODS_PODFILE_DIR_PATH}/Podfile.lock\" \"${PODS_ROOT}/Manifest.lock\" > /dev/null\nif [ $? != 0 ] ; then\n    # print error to STDERR\n    echo \"error: The sandbox is not in sync with the Podfile.lock. Run 'pod install' or update your CocoaPods installation.\" >&2\n    exit 1\nfi\n# This output is used by Xcode 'outputs' to avoid re-running this script phase.\necho \"SUCCESS\" > \"${SCRIPT_OUTPUT_FILE_0}\"\n";
			showEnvVarsInLog = 0;
		};
/* End PBXShellScriptBuildPhase section */

/* Begin PBXSourcesBuildPhase section */
		5AC87EDE21E5C3FE004FD829 /* Sources */ = {
			isa = PBXSourcesBuildPhase;
			buildActionMask = 2147483647;
			files = (
				5A9C05B521E8963600BB51EF /* MessageManager.swift in Sources */,
				5AC87F1821E5CA97004FD829 /* GCDAsyncSocket.m in Sources */,
				5A9C05AF21E82C5300BB51EF /* CGYJSON.swift in Sources */,
				5A9C05B321E8853C00BB51EF /* ChatUserManager.swift in Sources */,
				5A04295324B4181F008D7DC4 /* MainViewController.swift in Sources */,
				5AEB6AB62215724F0048E421 /* User.swift in Sources */,
				5AEB6AB422156AC30048E421 /* CacheUtil.swift in Sources */,
				5AC87EE821E5C3FE004FD829 /* RecentChatViewController.swift in Sources */,
				5A9D7C8922164FEB0014366A /* MBProgressHUD.m in Sources */,
				5AB7A1F821E7469A009A03BF /* ChatClient.swift in Sources */,
				5AB5171424B31E0D00E365A2 /* Model.swift in Sources */,
				5A04295524B43F62008D7DC4 /* FriendListViewController.swift in Sources */,
				5AEB6AA8221562DA0048E421 /* HttpUtil.swift in Sources */,
				5AB7A1FC21E7491A009A03BF /* ChatMessage.swift in Sources */,
				5AB7A1FE21E74BE7009A03BF /* ChatViewController.swift in Sources */,
				5AB5171624B40EB500E365A2 /* JsonUtil.swift in Sources */,
				5A4F0F2721F7FB05002915ED /* CommonUtil.swift in Sources */,
				5AC87EE621E5C3FE004FD829 /* AppDelegate.swift in Sources */,
				5A9D7C8C221650620014366A /* BaseUIViewController.swift in Sources */,
				5AEB6AB22215694C0048E421 /* ApiConfig.swift in Sources */,
				5AEB655E22155A620048E421 /* LoginViewController.swift in Sources */,
			);
			runOnlyForDeploymentPostprocessing = 0;
		};
/* End PBXSourcesBuildPhase section */

/* Begin PBXVariantGroup section */
		5AC87EE921E5C3FE004FD829 /* Main.storyboard */ = {
			isa = PBXVariantGroup;
			children = (
				5AC87EEA21E5C3FE004FD829 /* Base */,
			);
			name = Main.storyboard;
			sourceTree = "<group>";
		};
		5AC87EEE21E5C3FF004FD829 /* LaunchScreen.storyboard */ = {
			isa = PBXVariantGroup;
			children = (
				5AC87EEF21E5C3FF004FD829 /* Base */,
			);
			name = LaunchScreen.storyboard;
			sourceTree = "<group>";
		};
/* End PBXVariantGroup section */

/* Begin XCBuildConfiguration section */
		5AC87F0821E5C3FF004FD829 /* Debug */ = {
			isa = XCBuildConfiguration;
			buildSettings = {
				ALWAYS_SEARCH_USER_PATHS = NO;
				CLANG_ANALYZER_NONNULL = YES;
				CLANG_ANALYZER_NUMBER_OBJECT_CONVERSION = YES_AGGRESSIVE;
				CLANG_CXX_LANGUAGE_STANDARD = "gnu++14";
				CLANG_CXX_LIBRARY = "libc++";
				CLANG_ENABLE_MODULES = YES;
				CLANG_ENABLE_OBJC_ARC = YES;
				CLANG_ENABLE_OBJC_WEAK = YES;
				CLANG_WARN_BLOCK_CAPTURE_AUTORELEASING = YES;
				CLANG_WARN_BOOL_CONVERSION = YES;
				CLANG_WARN_COMMA = YES;
				CLANG_WARN_CONSTANT_CONVERSION = YES;
				CLANG_WARN_DEPRECATED_OBJC_IMPLEMENTATIONS = YES;
				CLANG_WARN_DIRECT_OBJC_ISA_USAGE = YES_ERROR;
				CLANG_WARN_DOCUMENTATION_COMMENTS = YES;
				CLANG_WARN_EMPTY_BODY = YES;
				CLANG_WARN_ENUM_CONVERSION = YES;
				CLANG_WARN_INFINITE_RECURSION = YES;
				CLANG_WARN_INT_CONVERSION = YES;
				CLANG_WARN_NON_LITERAL_NULL_CONVERSION = YES;
				CLANG_WARN_OBJC_IMPLICIT_RETAIN_SELF = YES;
				CLANG_WARN_OBJC_LITERAL_CONVERSION = YES;
				CLANG_WARN_OBJC_ROOT_CLASS = YES_ERROR;
				CLANG_WARN_RANGE_LOOP_ANALYSIS = YES;
				CLANG_WARN_STRICT_PROTOTYPES = YES;
				CLANG_WARN_SUSPICIOUS_MOVE = YES;
				CLANG_WARN_UNGUARDED_AVAILABILITY = YES_AGGRESSIVE;
				CLANG_WARN_UNREACHABLE_CODE = YES;
				CLANG_WARN__DUPLICATE_METHOD_MATCH = YES;
				CODE_SIGN_IDENTITY = "iPhone Developer";
				COPY_PHASE_STRIP = NO;
				DEBUG_INFORMATION_FORMAT = dwarf;
				ENABLE_STRICT_OBJC_MSGSEND = YES;
				ENABLE_TESTABILITY = YES;
				GCC_C_LANGUAGE_STANDARD = gnu11;
				GCC_DYNAMIC_NO_PIC = NO;
				GCC_NO_COMMON_BLOCKS = YES;
				GCC_OPTIMIZATION_LEVEL = 0;
				GCC_PREPROCESSOR_DEFINITIONS = (
					"DEBUG=1",
					"$(inherited)",
				);
				GCC_WARN_64_TO_32_BIT_CONVERSION = YES;
				GCC_WARN_ABOUT_RETURN_TYPE = YES_ERROR;
				GCC_WARN_UNDECLARED_SELECTOR = YES;
				GCC_WARN_UNINITIALIZED_AUTOS = YES_AGGRESSIVE;
				GCC_WARN_UNUSED_FUNCTION = YES;
				GCC_WARN_UNUSED_VARIABLE = YES;
				IPHONEOS_DEPLOYMENT_TARGET = 12.1;
				MTL_ENABLE_DEBUG_INFO = INCLUDE_SOURCE;
				MTL_FAST_MATH = YES;
				ONLY_ACTIVE_ARCH = YES;
				SDKROOT = iphoneos;
				SWIFT_ACTIVE_COMPILATION_CONDITIONS = DEBUG;
				SWIFT_OPTIMIZATION_LEVEL = "-Onone";
			};
			name = Debug;
		};
		5AC87F0921E5C3FF004FD829 /* Release */ = {
			isa = XCBuildConfiguration;
			buildSettings = {
				ALWAYS_SEARCH_USER_PATHS = NO;
				CLANG_ANALYZER_NONNULL = YES;
				CLANG_ANALYZER_NUMBER_OBJECT_CONVERSION = YES_AGGRESSIVE;
				CLANG_CXX_LANGUAGE_STANDARD = "gnu++14";
				CLANG_CXX_LIBRARY = "libc++";
				CLANG_ENABLE_MODULES = YES;
				CLANG_ENABLE_OBJC_ARC = YES;
				CLANG_ENABLE_OBJC_WEAK = YES;
				CLANG_WARN_BLOCK_CAPTURE_AUTORELEASING = YES;
				CLANG_WARN_BOOL_CONVERSION = YES;
				CLANG_WARN_COMMA = YES;
				CLANG_WARN_CONSTANT_CONVERSION = YES;
				CLANG_WARN_DEPRECATED_OBJC_IMPLEMENTATIONS = YES;
				CLANG_WARN_DIRECT_OBJC_ISA_USAGE = YES_ERROR;
				CLANG_WARN_DOCUMENTATION_COMMENTS = YES;
				CLANG_WARN_EMPTY_BODY = YES;
				CLANG_WARN_ENUM_CONVERSION = YES;
				CLANG_WARN_INFINITE_RECURSION = YES;
				CLANG_WARN_INT_CONVERSION = YES;
				CLANG_WARN_NON_LITERAL_NULL_CONVERSION = YES;
				CLANG_WARN_OBJC_IMPLICIT_RETAIN_SELF = YES;
				CLANG_WARN_OBJC_LITERAL_CONVERSION = YES;
				CLANG_WARN_OBJC_ROOT_CLASS = YES_ERROR;
				CLANG_WARN_RANGE_LOOP_ANALYSIS = YES;
				CLANG_WARN_STRICT_PROTOTYPES = YES;
				CLANG_WARN_SUSPICIOUS_MOVE = YES;
				CLANG_WARN_UNGUARDED_AVAILABILITY = YES_AGGRESSIVE;
				CLANG_WARN_UNREACHABLE_CODE = YES;
				CLANG_WARN__DUPLICATE_METHOD_MATCH = YES;
				CODE_SIGN_IDENTITY = "iPhone Developer";
				COPY_PHASE_STRIP = NO;
				DEBUG_INFORMATION_FORMAT = "dwarf-with-dsym";
				ENABLE_NS_ASSERTIONS = NO;
				ENABLE_STRICT_OBJC_MSGSEND = YES;
				GCC_C_LANGUAGE_STANDARD = gnu11;
				GCC_NO_COMMON_BLOCKS = YES;
				GCC_WARN_64_TO_32_BIT_CONVERSION = YES;
				GCC_WARN_ABOUT_RETURN_TYPE = YES_ERROR;
				GCC_WARN_UNDECLARED_SELECTOR = YES;
				GCC_WARN_UNINITIALIZED_AUTOS = YES_AGGRESSIVE;
				GCC_WARN_UNUSED_FUNCTION = YES;
				GCC_WARN_UNUSED_VARIABLE = YES;
				IPHONEOS_DEPLOYMENT_TARGET = 12.1;
				MTL_ENABLE_DEBUG_INFO = NO;
				MTL_FAST_MATH = YES;
				SDKROOT = iphoneos;
				SWIFT_COMPILATION_MODE = wholemodule;
				SWIFT_OPTIMIZATION_LEVEL = "-O";
				VALIDATE_PRODUCT = YES;
			};
			name = Release;
		};
		5AC87F0B21E5C3FF004FD829 /* Debug */ = {
			isa = XCBuildConfiguration;
			baseConfigurationReference = ADB54C6231799E452CB1A5C6 /* Pods-ChatDemo.debug.xcconfig */;
			buildSettings = {
				ASSETCATALOG_COMPILER_APPICON_NAME = AppIcon;
				CLANG_ENABLE_MODULES = YES;
				CODE_SIGN_STYLE = Automatic;
				DEVELOPMENT_TEAM = TD3757G4WY;
				INFOPLIST_FILE = ChatDemo/Info.plist;
				LD_RUNPATH_SEARCH_PATHS = (
					"$(inherited)",
					"@executable_path/Frameworks",
				);
				PRODUCT_BUNDLE_IDENTIFIER = com.pwc.ChatDemo;
				PRODUCT_NAME = "$(TARGET_NAME)";
				SWIFT_OBJC_BRIDGING_HEADER = "ChatDemo-Bridging-Header.h";
				SWIFT_OPTIMIZATION_LEVEL = "-Onone";
				SWIFT_VERSION = 4.2;
				TARGETED_DEVICE_FAMILY = "1,2";
			};
			name = Debug;
		};
		5AC87F0C21E5C3FF004FD829 /* Release */ = {
			isa = XCBuildConfiguration;
			baseConfigurationReference = 10509C0BC84A9ACD559E5676 /* Pods-ChatDemo.release.xcconfig */;
			buildSettings = {
				ASSETCATALOG_COMPILER_APPICON_NAME = AppIcon;
				CLANG_ENABLE_MODULES = YES;
				CODE_SIGN_STYLE = Automatic;
				DEVELOPMENT_TEAM = TD3757G4WY;
				INFOPLIST_FILE = ChatDemo/Info.plist;
				LD_RUNPATH_SEARCH_PATHS = (
					"$(inherited)",
					"@executable_path/Frameworks",
				);
				PRODUCT_BUNDLE_IDENTIFIER = com.pwc.ChatDemo;
				PRODUCT_NAME = "$(TARGET_NAME)";
				SWIFT_OBJC_BRIDGING_HEADER = "ChatDemo-Bridging-Header.h";
				SWIFT_VERSION = 4.2;
				TARGETED_DEVICE_FAMILY = "1,2";
			};
			name = Release;
		};
/* End XCBuildConfiguration section */

/* Begin XCConfigurationList section */
		5AC87EDD21E5C3FE004FD829 /* Build configuration list for PBXProject "ChatDemo" */ = {
			isa = XCConfigurationList;
			buildConfigurations = (
				5AC87F0821E5C3FF004FD829 /* Debug */,
				5AC87F0921E5C3FF004FD829 /* Release */,
			);
			defaultConfigurationIsVisible = 0;
			defaultConfigurationName = Release;
		};
		5AC87F0A21E5C3FF004FD829 /* Build configuration list for PBXNativeTarget "ChatDemo" */ = {
			isa = XCConfigurationList;
			buildConfigurations = (
				5AC87F0B21E5C3FF004FD829 /* Debug */,
				5AC87F0C21E5C3FF004FD829 /* Release */,
			);
			defaultConfigurationIsVisible = 0;
			defaultConfigurationName = Release;
		};
/* End XCConfigurationList section */
	};
	rootObject = 5AC87EDA21E5C3FE004FD829 /* Project object */;
}
